
Microsoft Visual Studio Solution File, Format Version 12.00
# Visual Studio Version 17
VisualStudioVersion = 17.0.32014.148
MinimumVisualStudioVersion = 10.0.40219.1
Project("{9A19103F-16F7-4668-BE54-9A1E7A4F7556}") = "Smart.Throw", "src\Smart.Throw\Smart.Throw.csproj", "{F551370C-1AEC-478E-9487-CB270D81745C}"
EndProject
Project("{9A19103F-16F7-4668-BE54-9A1E7A4F7556}") = "Smart.Throw.Benchmarks", "benchmarks\Smart.Throw.Benchmarks\Smart.Throw.Benchmarks.csproj", "{EE905A01-6953-46DE-8769-0A53D02C0E89}"
EndProject
Project("{9A19103F-16F7-4668-BE54-9A1E7A4F7556}") = "Smart.Throw.Tests", "tests\Smart.Throw.Tests\Smart.Throw.Tests.csproj", "{9ECFCE3F-18AA-432E-B3DA-973105CEBE18}"
EndProject
Global
	GlobalSection(SolutionConfigurationPlatforms) = preSolution
		Debug|Any CPU = Debug|Any CPU
		Release|Any CPU = Release|Any CPU
	EndGlobalSection
	GlobalSection(ProjectConfigurationPlatforms) = postSolution
		{F551370C-1AEC-478E-9487-CB270D81745C}.Debug|Any CPU.ActiveCfg = Debug|Any CPU
		{F551370C-1AEC-478E-9487-CB270D81745C}.Debug|Any CPU.Build.0 = Debug|Any CPU
		{F551370C-1AEC-478E-9487-CB270D81745C}.Release|Any CPU.ActiveCfg = Release|Any CPU
		{F551370C-1AEC-478E-9487-CB270D81745C}.Release|Any CPU.Build.0 = Release|Any CPU
		{EE905A01-6953-46DE-8769-0A53D02C0E89}.Debug|Any CPU.ActiveCfg = Debug|Any CPU
		{EE905A01-6953-46DE-8769-0A53D02C0E89}.Debug|Any CPU.Build.0 = Debug|Any CPU
		{EE905A01-6953-46DE-8769-0A53D02C0E89}.Release|Any CPU.ActiveCfg = Release|Any CPU
		{EE905A01-6953-46DE-8769-0A53D02C0E89}.Release|Any CPU.Build.0 = Release|Any CPU
		{9ECFCE3F-18AA-432E-B3DA-973105CEBE18}.Debug|Any CPU.ActiveCfg = Debug|Any CPU
		{9ECFCE3F-18AA-432E-B3DA-973105CEBE18}.Debug|Any CPU.Build.0 = Debug|Any CPU
		{9ECFCE3F-18AA-432E-B3DA-973105CEBE18}.Release|Any CPU.ActiveCfg = Release|Any CPU
		{9ECFCE3F-18AA-432E-B3DA-973105CEBE18}.Release|Any CPU.Build.0 = Release|Any CPU
	EndGlobalSection
	GlobalSection(SolutionProperties) = preSolution
		HideSolutionNode = FALSE
	EndGlobalSection
	GlobalSection(ExtensibilityGlobals) = postSolution
		SolutionGuid = {DD17A49E-A264-4D75-BF95-33DAA9B79726}
	EndGlobalSection
	GlobalSection(NestedProjects) = preSolution
	EndGlobalSection
EndGlobal
